{
  "version": 4,
  "terraform_version": "1.3.8",
  "serial": 23,
  "lineage": "40733b8b-a282-527e-1ae2-0175040461f7",
  "outputs": {
    "Key": {
      "value": "Key : AKIAZGPNCBFJH3YOJSWY",
      "type": "string",
      "sensitive": true
    },
    "Secret": {
      "value": "Secret : Xi5SuSbdZFzFFyjqohQOwV7EcOUvhHaWBO0K2Heh",
      "type": "string",
      "sensitive": true
    }
  },
  "resources": [
    {
      "mode": "managed",
      "type": "aws_iam_access_key",
      "name": "Credentials",
      "provider": "provider[\"registry.terraform.io/hashicorp/aws\"]",
      "instances": [
        {
          "schema_version": 0,
          "attributes": {
            "create_date": "2023-03-26T09:00:15Z",
            "encrypted_secret": null,
            "encrypted_ses_smtp_password_v4": null,
            "id": "AKIAZGPNCBFJH3YOJSWY",
            "key_fingerprint": null,
            "pgp_key": null,
            "secret": "Xi5SuSbdZFzFFyjqohQOwV7EcOUvhHaWBO0K2Heh",
            "ses_smtp_password_v4": "BOt3q+ZSH91EnZELU16z9Qb0uB346815oPnwMP643QGr",
            "status": "Active",
            "user": "Kumar"
          },
          "sensitive_attributes": [],
          "private": "bnVsbA==",
          "dependencies": [
            "aws_iam_user.kumar_user"
          ]
        }
      ]
    },
    {
      "mode": "managed",
      "type": "aws_iam_group",
      "name": "Developer_group",
      "provider": "provider[\"registry.terraform.io/hashicorp/aws\"]",
      "instances": [
        {
          "schema_version": 0,
          "attributes": {
            "arn": "arn:aws:iam::632394221906:group/Developer",
            "id": "Developer",
            "name": "Developer",
            "path": "/",
            "unique_id": "AGPAZGPNCBFJGCU24OFBF"
          },
          "sensitive_attributes": [],
          "private": "bnVsbA=="
        }
      ]
    },
    {
      "mode": "managed",
      "type": "aws_iam_group_policy_attachment",
      "name": "attach_policy_to_group",
      "provider": "provider[\"registry.terraform.io/hashicorp/aws\"]",
      "instances": [
        {
          "schema_version": 0,
          "attributes": {
            "group": "Developer",
            "id": "Developer-20230326084912616000000001",
            "policy_arn": "arn:aws:iam::632394221906:policy/developer_policy"
          },
          "sensitive_attributes": [],
          "private": "bnVsbA==",
          "dependencies": [
            "aws_iam_group.Developer_group",
            "aws_iam_policy.developer_policy"
          ]
        }
      ]
    },
    {
      "mode": "managed",
      "type": "aws_iam_policy",
      "name": "developer_policy",
      "provider": "provider[\"registry.terraform.io/hashicorp/aws\"]",
      "instances": [
        {
          "schema_version": 0,
          "attributes": {
            "arn": "arn:aws:iam::632394221906:policy/developer_policy",
            "description": "",
            "id": "arn:aws:iam::632394221906:policy/developer_policy",
            "name": "developer_policy",
            "name_prefix": null,
            "path": "/",
            "policy": "{\"Statement\":[{\"Action\":\"*\",\"Effect\":\"Allow\",\"Resource\":\"*\"}],\"Version\":\"2012-10-17\"}",
            "policy_id": "ANPAZGPNCBFJEYWFAZV2W",
            "tags": {},
            "tags_all": {}
          },
          "sensitive_attributes": [],
          "private": "bnVsbA=="
        }
      ]
    },
    {
      "mode": "managed",
      "type": "aws_iam_user",
      "name": "kumar_user",
      "provider": "provider[\"registry.terraform.io/hashicorp/aws\"]",
      "instances": [
        {
          "schema_version": 0,
          "attributes": {
            "arn": "arn:aws:iam::632394221906:user/Kumar",
            "force_destroy": false,
            "id": "Kumar",
            "name": "Kumar",
            "path": "/",
            "permissions_boundary": null,
            "tags": {
              "Description": "Creating Kumar user",
              "name": "kumar"
            },
            "tags_all": {
              "Description": "Creating Kumar user",
              "name": "kumar"
            },
            "unique_id": "AIDAZGPNCBFJBP6UWGV45"
          },
          "sensitive_attributes": [],
          "private": "bnVsbA=="
        }
      ]
    },
    {
      "mode": "managed",
      "type": "aws_iam_user_group_membership",
      "name": "Add_user_group",
      "provider": "provider[\"registry.terraform.io/hashicorp/aws\"]",
      "instances": [
        {
          "schema_version": 0,
          "attributes": {
            "groups": [
              "Developer"
            ],
            "id": "terraform-20230326082239089700000001",
            "user": "Kumar"
          },
          "sensitive_attributes": [],
          "private": "bnVsbA==",
          "dependencies": [
            "aws_iam_group.Developer_group",
            "aws_iam_user.kumar_user"
          ]
        }
      ]
    }
  ],
  "check_results": null
}
