{
  "version": 4,
  "terraform_version": "1.3.8",
  "serial": 62,
  "lineage": "ee8cdff0-321b-a19c-f692-013c9291dcec",
  "outputs": {},
  "resources": [
    {
      "mode": "data",
      "type": "aws_iam_user",
      "name": "Naveen",
      "provider": "provider[\"registry.terraform.io/hashicorp/aws\"]",
      "instances": [
        {
          "schema_version": 0,
          "attributes": {
            "arn": "arn:aws:iam::632394221906:user/Naveen",
            "id": "AIDAZGPNCBFJEZSB2IDY5",
            "path": "/",
            "permissions_boundary": "",
            "tags": {},
            "user_id": "AIDAZGPNCBFJEZSB2IDY5",
            "user_name": "Naveen"
          },
          "sensitive_attributes": []
        }
      ]
    },
    {
      "mode": "managed",
      "type": "aws_s3_bucket",
      "name": "us-east-1mybucket1997",
      "provider": "provider[\"registry.terraform.io/hashicorp/aws\"]",
      "instances": [
        {
          "schema_version": 0,
          "attributes": {
            "acceleration_status": "",
            "acl": "private",
            "arn": "arn:aws:s3:::us-east-1mybucket1997",
            "bucket": "us-east-1mybucket1997",
            "bucket_domain_name": "us-east-1mybucket1997.s3.amazonaws.com",
            "bucket_prefix": null,
            "bucket_regional_domain_name": "us-east-1mybucket1997.s3.amazonaws.com",
            "cors_rule": [],
            "force_destroy": false,
            "grant": [
              {
                "id": "78ab5a9ebb706475853d8594252a616fb66815b96ee59667253731c936e2e094",
                "permissions": [
                  "FULL_CONTROL"
                ],
                "type": "CanonicalUser",
                "uri": ""
              }
            ],
            "hosted_zone_id": "Z3AQBSTGFYJSTF",
            "id": "us-east-1mybucket1997",
            "lifecycle_rule": [],
            "logging": [],
            "object_lock_configuration": [],
            "object_lock_enabled": false,
            "policy": "{\"Statement\":[{\"Action\":\"*\",\"Effect\":\"Allow\",\"Principal\":{\"AWS\":\"*\"},\"Resource\":\"arn:aws:s3:::us-east-1mybucket1997/*\"}],\"Version\":\"2012-10-17\"}",
            "region": "us-east-1",
            "replication_configuration": [],
            "request_payer": "BucketOwner",
            "server_side_encryption_configuration": [
              {
                "rule": [
                  {
                    "apply_server_side_encryption_by_default": [
                      {
                        "kms_master_key_id": "",
                        "sse_algorithm": "AES256"
                      }
                    ],
                    "bucket_key_enabled": false
                  }
                ]
              }
            ],
            "tags": {
              "name": "us-east-1mybucket1997"
            },
            "tags_all": {
              "name": "us-east-1mybucket1997"
            },
            "timeouts": null,
            "versioning": [
              {
                "enabled": false,
                "mfa_delete": false
              }
            ],
            "website": [],
            "website_domain": null,
            "website_endpoint": null
          },
          "sensitive_attributes": [],
          "private": "eyJlMmJmYjczMC1lY2FhLTExZTYtOGY4OC0zNDM2M2JjN2M0YzAiOnsiY3JlYXRlIjoxMjAwMDAwMDAwMDAwLCJkZWxldGUiOjM2MDAwMDAwMDAwMDAsInJlYWQiOjEyMDAwMDAwMDAwMDAsInVwZGF0ZSI6MTIwMDAwMDAwMDAwMH19"
        }
      ]
    },
    {
      "mode": "managed",
      "type": "aws_s3_bucket_policy",
      "name": "policy",
      "provider": "provider[\"registry.terraform.io/hashicorp/aws\"]",
      "instances": [
        {
          "schema_version": 0,
          "attributes": {
            "bucket": "us-east-1mybucket1997",
            "id": "us-east-1mybucket1997",
            "policy": "{\"Statement\":[{\"Action\":\"*\",\"Effect\":\"Allow\",\"Principal\":{\"AWS\":[\"arn:aws:iam::632394221906:user/Naveen\"]},\"Resource\":\"arn:aws:s3:::us-east-1mybucket1997/*\"}],\"Version\":\"2012-10-17\"}"
          },
          "sensitive_attributes": [],
          "private": "bnVsbA==",
          "dependencies": [
            "aws_s3_bucket.us-east-1mybucket1997",
            "data.aws_iam_user.Naveen"
          ]
        }
      ]
    },
    {
      "mode": "managed",
      "type": "aws_s3_object",
      "name": "upload_file",
      "provider": "provider[\"registry.terraform.io/hashicorp/aws\"]",
      "instances": [
        {
          "schema_version": 0,
          "attributes": {
            "acl": "private",
            "bucket": "us-east-1mybucket1997",
            "bucket_key_enabled": false,
            "cache_control": "",
            "content": "test.txt",
            "content_base64": null,
            "content_disposition": "",
            "content_encoding": "",
            "content_language": "",
            "content_type": "binary/octet-stream",
            "etag": "dd18bf3a8e0a2a3e53e2661c7fb53534",
            "force_destroy": false,
            "id": "test.txt",
            "key": "test.txt",
            "kms_key_id": null,
            "metadata": {},
            "object_lock_legal_hold_status": "",
            "object_lock_mode": "",
            "object_lock_retain_until_date": "",
            "server_side_encryption": "AES256",
            "source": null,
            "source_hash": null,
            "storage_class": "STANDARD",
            "tags": {},
            "tags_all": {},
            "version_id": "",
            "website_redirect": ""
          },
          "sensitive_attributes": [],
          "private": "bnVsbA==",
          "dependencies": [
            "aws_s3_bucket.us-east-1mybucket1997",
            "local_file.file"
          ]
        }
      ]
    },
    {
      "mode": "managed",
      "type": "local_file",
      "name": "file",
      "provider": "provider[\"registry.terraform.io/hashicorp/local\"]",
      "instances": [
        {
          "schema_version": 0,
          "attributes": {
            "content": "test",
            "content_base64": null,
            "content_base64sha256": "n4bQgYhMfWWaL+qgxVrQFaO/TxsrC4Is0V1sFbDwCgg=",
            "content_base64sha512": "7iaw3Ur350mqGo7jwQrpkj9hiYB3Lkc/iBml1JQODbJ6wYX4oOHV+E+IvIh/1nsUNzLDBMxfqa2Ob1f1ACio/w==",
            "content_md5": "098f6bcd4621d373cade4e832627b4f6",
            "content_sha1": "a94a8fe5ccb19ba61c4c0873d391e987982fbbd3",
            "content_sha256": "9f86d081884c7d659a2feaa0c55ad015a3bf4f1b2b0b822cd15d6c15b0f00a08",
            "content_sha512": "ee26b0dd4af7e749aa1a8ee3c10ae9923f618980772e473f8819a5d4940e0db27ac185f8a0e1d5f84f88bc887fd67b143732c304cc5fa9ad8e6f57f50028a8ff",
            "directory_permission": "0777",
            "file_permission": "0777",
            "filename": "test.txt",
            "id": "a94a8fe5ccb19ba61c4c0873d391e987982fbbd3",
            "sensitive_content": null,
            "source": null
          },
          "sensitive_attributes": []
        }
      ]
    }
  ],
  "check_results": null
}
