{
  "version": 4,
  "terraform_version": "1.3.8",
  "serial": 43,
  "lineage": "ab208497-1422-a058-2482-287e36865ed3",
  "outputs": {
    "Public_IP": {
      "value": "174.129.182.92",
      "type": "string"
    }
  },
  "resources": [
    {
      "mode": "managed",
      "type": "aws_instance",
      "name": "webserver",
      "provider": "provider[\"registry.terraform.io/hashicorp/aws\"]",
      "instances": [
        {
          "schema_version": 1,
          "attributes": {
            "ami": "ami-00c39f71452c08778",
            "arn": "arn:aws:ec2:us-east-1:632394221906:instance/i-0c1f31d4a1aba90cf",
            "associate_public_ip_address": true,
            "availability_zone": "us-east-1d",
            "capacity_reservation_specification": [
              {
                "capacity_reservation_preference": "open",
                "capacity_reservation_target": []
              }
            ],
            "cpu_core_count": 1,
            "cpu_threads_per_core": 1,
            "credit_specification": [
              {
                "cpu_credits": "standard"
              }
            ],
            "disable_api_stop": false,
            "disable_api_termination": false,
            "ebs_block_device": [],
            "ebs_optimized": false,
            "enclave_options": [
              {
                "enabled": false
              }
            ],
            "ephemeral_block_device": [],
            "get_password_data": false,
            "hibernation": false,
            "host_id": "",
            "host_resource_group_arn": null,
            "iam_instance_profile": "",
            "id": "i-0c1f31d4a1aba90cf",
            "instance_initiated_shutdown_behavior": "stop",
            "instance_state": "running",
            "instance_type": "t2.micro",
            "ipv6_address_count": 0,
            "ipv6_addresses": [],
            "key_name": "terraform-20230330135948137400000001",
            "launch_template": [],
            "maintenance_options": [
              {
                "auto_recovery": "default"
              }
            ],
            "metadata_options": [
              {
                "http_endpoint": "enabled",
                "http_put_response_hop_limit": 2,
                "http_tokens": "required",
                "instance_metadata_tags": "disabled"
              }
            ],
            "monitoring": false,
            "network_interface": [],
            "outpost_arn": "",
            "password_data": "",
            "placement_group": "",
            "placement_partition_number": 0,
            "primary_network_interface_id": "eni-0140d214a5209b895",
            "private_dns": "ip-172-31-82-113.ec2.internal",
            "private_dns_name_options": [
              {
                "enable_resource_name_dns_a_record": false,
                "enable_resource_name_dns_aaaa_record": false,
                "hostname_type": "ip-name"
              }
            ],
            "private_ip": "172.31.82.113",
            "public_dns": "ec2-174-129-182-92.compute-1.amazonaws.com",
            "public_ip": "174.129.182.92",
            "root_block_device": [
              {
                "delete_on_termination": true,
                "device_name": "/dev/xvda",
                "encrypted": false,
                "iops": 3000,
                "kms_key_id": "",
                "tags": {},
                "throughput": 125,
                "volume_id": "vol-069ce860b72307bc7",
                "volume_size": 8,
                "volume_type": "gp3"
              }
            ],
            "secondary_private_ips": [],
            "security_groups": [
              "web_sg"
            ],
            "source_dest_check": true,
            "subnet_id": "subnet-0e69638852aea3195",
            "tags": {
              "Description": "Webservers",
              "Name": "Webserver"
            },
            "tags_all": {
              "Description": "Webservers",
              "Name": "Webserver"
            },
            "tenancy": "default",
            "timeouts": null,
            "user_data": null,
            "user_data_base64": null,
            "user_data_replace_on_change": false,
            "volume_tags": null,
            "vpc_security_group_ids": [
              "sg-06133ae1346c18b2c"
            ]
          },
          "sensitive_attributes": [],
          "private": "eyJlMmJmYjczMC1lY2FhLTExZTYtOGY4OC0zNDM2M2JjN2M0YzAiOnsiY3JlYXRlIjo2MDAwMDAwMDAwMDAsImRlbGV0ZSI6MTIwMDAwMDAwMDAwMCwidXBkYXRlIjo2MDAwMDAwMDAwMDB9LCJzY2hlbWFfdmVyc2lvbiI6IjEifQ==",
          "dependencies": [
            "aws_key_pair.key",
            "aws_security_group.web_sg"
          ]
        }
      ]
    },
    {
      "mode": "managed",
      "type": "aws_key_pair",
      "name": "key",
      "provider": "provider[\"registry.terraform.io/hashicorp/aws\"]",
      "instances": [
        {
          "schema_version": 1,
          "attributes": {
            "arn": "arn:aws:ec2:us-east-1:632394221906:key-pair/terraform-20230330135948137400000001",
            "fingerprint": "d7:96:4f:54:ea:a0:ff:e8:27:58:1c:68:37:e4:f4:42",
            "id": "terraform-20230330135948137400000001",
            "key_name": "terraform-20230330135948137400000001",
            "key_name_prefix": "terraform-",
            "key_pair_id": "key-0a3d5342b204f5826",
            "key_type": "rsa",
            "public_key": "ssh-rsa AAAAB3NzaC1yc2EAAAADAQABAAABgQDLVPZXIu4ReOY/QuKW93ANjrtBH0Svw34oRQDB/OyZsQeTn94aHqamRlmaF03xzsw6hSdg3Nu9KAnA/ahhZfwOuvJsHXArkstnoDVpYU4n2Qf1X77Q6dNB8/xSIc+4VZbosdyhajd1BAEiiIsn/IhBHoLATGpZ2mwBKrClvOUbXyY7kQ/17IacRO3LKIHNY7V8TYSdcDwXpVmzvFsa+LFoUCWrq7+jZwVsqV9kkIc3XO4V9zfWbsjWkFmMSsL+6es5WjsmfzTaHTinAGP1EztJqkzV+JPyGgE6a1pT+tW7UfMBjJ+0g6y0beM9qzQlSs3qrrfViPibMArU/H/tNlA/9md064lWW4KEvf/ma8RTffuQh4G3Vetm8uhbJ9iUyqzxBNpYFsnyRDtkGU9YAmOBb2wzvfEwr02wj8wWn/0gyQVZZqxVcmV7n23p1mgW0np+/jM3ayEXR3dY4sDljCmqMsz3GjR/q/zfX5uJ1K3Q0ck3mIFujGklK1H048RpLZU= naveen@LAPTOP-1BOI1KO5",
            "tags": {},
            "tags_all": {}
          },
          "sensitive_attributes": [],
          "private": "eyJzY2hlbWFfdmVyc2lvbiI6IjEifQ=="
        }
      ]
    },
    {
      "mode": "managed",
      "type": "aws_security_group",
      "name": "web_sg",
      "provider": "provider[\"registry.terraform.io/hashicorp/aws\"]",
      "instances": [
        {
          "schema_version": 1,
          "attributes": {
            "arn": "arn:aws:ec2:us-east-1:632394221906:security-group/sg-06133ae1346c18b2c",
            "description": "Managed by Terraform",
            "egress": [],
            "id": "sg-06133ae1346c18b2c",
            "ingress": [
              {
                "cidr_blocks": [
                  "0.0.0.0/0"
                ],
                "description": "",
                "from_port": 22,
                "ipv6_cidr_blocks": [],
                "prefix_list_ids": [],
                "protocol": "tcp",
                "security_groups": [],
                "self": false,
                "to_port": 22
              }
            ],
            "name": "web_sg",
            "name_prefix": "",
            "owner_id": "632394221906",
            "revoke_rules_on_delete": false,
            "tags": {},
            "tags_all": {},
            "timeouts": null,
            "vpc_id": "vpc-0c8fddc2683c44953"
          },
          "sensitive_attributes": [],
          "private": "eyJlMmJmYjczMC1lY2FhLTExZTYtOGY4OC0zNDM2M2JjN2M0YzAiOnsiY3JlYXRlIjo2MDAwMDAwMDAwMDAsImRlbGV0ZSI6OTAwMDAwMDAwMDAwfSwic2NoZW1hX3ZlcnNpb24iOiIxIn0="
        }
      ]
    }
  ],
  "check_results": null
}
